// !$*UTF8*$!
{
	archiveVersion = 1;
	classes = {
	};
	objectVersion = 55;
	objects = {

/* Begin PBXBuildFile section */
		8FBCD3CD28C37B3E00EE8B00 /* FavoriteButton.swift in Sources */ = {isa = PBXBuildFile; fileRef = 8FBCD3CC28C37B3E00EE8B00 /* FavoriteButton.swift */; };
		8FBCD3D128C383DB00EE8B00 /* HexagonParameters.swift in Sources */ = {isa = PBXBuildFile; fileRef = 8FBCD3D028C383DB00EE8B00 /* HexagonParameters.swift */; };
		8FBCD3D328C3851900EE8B00 /* BadgeBackground.swift in Sources */ = {isa = PBXBuildFile; fileRef = 8FBCD3D228C3851900EE8B00 /* BadgeBackground.swift */; };
		8FBCD3D528C38A1800EE8B00 /* BadgeSymbol.swift in Sources */ = {isa = PBXBuildFile; fileRef = 8FBCD3D428C38A1800EE8B00 /* BadgeSymbol.swift */; };
		8FBCD3D728C38ACE00EE8B00 /* RotatedBadgeSymbol.swift in Sources */ = {isa = PBXBuildFile; fileRef = 8FBCD3D628C38ACE00EE8B00 /* RotatedBadgeSymbol.swift */; };
		8FBCD3D928C38B5800EE8B00 /* Badge.swift in Sources */ = {isa = PBXBuildFile; fileRef = 8FBCD3D828C38B5800EE8B00 /* Badge.swift */; };
		8FCDC6E828C32A0800FFD20D /* LandmarksApp.swift in Sources */ = {isa = PBXBuildFile; fileRef = 8FCDC6E728C32A0800FFD20D /* LandmarksApp.swift */; };
		8FCDC6EA28C32A0800FFD20D /* ContentView.swift in Sources */ = {isa = PBXBuildFile; fileRef = 8FCDC6E928C32A0800FFD20D /* ContentView.swift */; };
		8FCDC6EC28C32A0A00FFD20D /* Assets.xcassets in Resources */ = {isa = PBXBuildFile; fileRef = 8FCDC6EB28C32A0A00FFD20D /* Assets.xcassets */; };
		8FCDC6EF28C32A0A00FFD20D /* Preview Assets.xcassets in Resources */ = {isa = PBXBuildFile; fileRef = 8FCDC6EE28C32A0A00FFD20D /* Preview Assets.xcassets */; };
		8FCDC6F628C32F0A00FFD20D /* CircleImage.swift in Sources */ = {isa = PBXBuildFile; fileRef = 8FCDC6F528C32F0A00FFD20D /* CircleImage.swift */; };
		8FCDC6F828C3319C00FFD20D /* MapView.swift in Sources */ = {isa = PBXBuildFile; fileRef = 8FCDC6F728C3319C00FFD20D /* MapView.swift */; };
		8FCDC6FA28C348CA00FFD20D /* landmarkData.json in Resources */ = {isa = PBXBuildFile; fileRef = 8FCDC6F928C348CA00FFD20D /* landmarkData.json */; };
		8FCDC6FC28C348E300FFD20D /* Landmark.swift in Sources */ = {isa = PBXBuildFile; fileRef = 8FCDC6FB28C348E300FFD20D /* Landmark.swift */; };
		8FCDC6FE28C34ABB00FFD20D /* ModelData.swift in Sources */ = {isa = PBXBuildFile; fileRef = 8FCDC6FD28C34ABB00FFD20D /* ModelData.swift */; };
		8FCDC70328C34C8D00FFD20D /* LandmarkRow.swift in Sources */ = {isa = PBXBuildFile; fileRef = 8FCDC70228C34C8D00FFD20D /* LandmarkRow.swift */; };
		8FCDC70528C34EA200FFD20D /* LandmarkList.swift in Sources */ = {isa = PBXBuildFile; fileRef = 8FCDC70428C34EA200FFD20D /* LandmarkList.swift */; };
		8FCDC70728C3505D00FFD20D /* LandmarkDetail.swift in Sources */ = {isa = PBXBuildFile; fileRef = 8FCDC70628C3505D00FFD20D /* LandmarkDetail.swift */; };
		8FE3B9F528C4982400A9F3FB /* hikeData.json in Resources */ = {isa = PBXBuildFile; fileRef = 8FE3B9F428C4982400A9F3FB /* hikeData.json */; };
		8FE3B9F728C4983500A9F3FB /* Hike.swift in Sources */ = {isa = PBXBuildFile; fileRef = 8FE3B9F628C4983500A9F3FB /* Hike.swift */; };
		8FE3B9FD28C4990800A9F3FB /* GraphCapsule.swift in Sources */ = {isa = PBXBuildFile; fileRef = 8FE3B9F928C4990800A9F3FB /* GraphCapsule.swift */; };
		8FE3B9FE28C4990800A9F3FB /* HikeGraph.swift in Sources */ = {isa = PBXBuildFile; fileRef = 8FE3B9FA28C4990800A9F3FB /* HikeGraph.swift */; };
		8FE3B9FF28C4990800A9F3FB /* HikeDetail.swift in Sources */ = {isa = PBXBuildFile; fileRef = 8FE3B9FB28C4990800A9F3FB /* HikeDetail.swift */; };
		8FE3BA0028C4990800A9F3FB /* HikeView.swift in Sources */ = {isa = PBXBuildFile; fileRef = 8FE3B9FC28C4990800A9F3FB /* HikeView.swift */; };
		8FE3BA0328C4A3F600A9F3FB /* CategoryHome.swift in Sources */ = {isa = PBXBuildFile; fileRef = 8FE3BA0228C4A3F600A9F3FB /* CategoryHome.swift */; };
		8FE3BA0528C4A82200A9F3FB /* CategoryRow.swift in Sources */ = {isa = PBXBuildFile; fileRef = 8FE3BA0428C4A82200A9F3FB /* CategoryRow.swift */; };
		8FE3BA0728C4AD9700A9F3FB /* CategoryItem.swift in Sources */ = {isa = PBXBuildFile; fileRef = 8FE3BA0628C4AD9700A9F3FB /* CategoryItem.swift */; };
		8FE3BA0928C4CE0D00A9F3FB /* Profile.swift in Sources */ = {isa = PBXBuildFile; fileRef = 8FE3BA0828C4CE0D00A9F3FB /* Profile.swift */; };
		8FE3BA0C28C4CE8A00A9F3FB /* ProfileHost.swift in Sources */ = {isa = PBXBuildFile; fileRef = 8FE3BA0B28C4CE8A00A9F3FB /* ProfileHost.swift */; };
		8FE3BA0E28C4CF0600A9F3FB /* ProfileSummary.swift in Sources */ = {isa = PBXBuildFile; fileRef = 8FE3BA0D28C4CF0600A9F3FB /* ProfileSummary.swift */; };
		8FE3BA1028C4CFD100A9F3FB /* HikeBadge.swift in Sources */ = {isa = PBXBuildFile; fileRef = 8FE3BA0F28C4CFD100A9F3FB /* HikeBadge.swift */; };
/* End PBXBuildFile section */

/* Begin PBXFileReference section */
		8FBCD3CC28C37B3E00EE8B00 /* FavoriteButton.swift */ = {isa = PBXFileReference; lastKnownFileType = sourcecode.swift; path = FavoriteButton.swift; sourceTree = "<group>"; };
		8FBCD3D028C383DB00EE8B00 /* HexagonParameters.swift */ = {isa = PBXFileReference; lastKnownFileType = sourcecode.swift; path = HexagonParameters.swift; sourceTree = "<group>"; };
		8FBCD3D228C3851900EE8B00 /* BadgeBackground.swift */ = {isa = PBXFileReference; lastKnownFileType = sourcecode.swift; path = BadgeBackground.swift; sourceTree = "<group>"; };
		8FBCD3D428C38A1800EE8B00 /* BadgeSymbol.swift */ = {isa = PBXFileReference; lastKnownFileType = sourcecode.swift; path = BadgeSymbol.swift; sourceTree = "<group>"; };
		8FBCD3D628C38ACE00EE8B00 /* RotatedBadgeSymbol.swift */ = {isa = PBXFileReference; lastKnownFileType = sourcecode.swift; path = RotatedBadgeSymbol.swift; sourceTree = "<group>"; };
		8FBCD3D828C38B5800EE8B00 /* Badge.swift */ = {isa = PBXFileReference; lastKnownFileType = sourcecode.swift; path = Badge.swift; sourceTree = "<group>"; };
		8FCDC6E428C32A0800FFD20D /* Landmarks.app */ = {isa = PBXFileReference; explicitFileType = wrapper.application; includeInIndex = 0; path = Landmarks.app; sourceTree = BUILT_PRODUCTS_DIR; };
		8FCDC6E728C32A0800FFD20D /* LandmarksApp.swift */ = {isa = PBXFileReference; lastKnownFileType = sourcecode.swift; path = LandmarksApp.swift; sourceTree = "<group>"; };
		8FCDC6E928C32A0800FFD20D /* ContentView.swift */ = {isa = PBXFileReference; lastKnownFileType = sourcecode.swift; path = ContentView.swift; sourceTree = "<group>"; };
		8FCDC6EB28C32A0A00FFD20D /* Assets.xcassets */ = {isa = PBXFileReference; lastKnownFileType = folder.assetcatalog; path = Assets.xcassets; sourceTree = "<group>"; };
		8FCDC6EE28C32A0A00FFD20D /* Preview Assets.xcassets */ = {isa = PBXFileReference; lastKnownFileType = folder.assetcatalog; path = "Preview Assets.xcassets"; sourceTree = "<group>"; };
		8FCDC6F528C32F0A00FFD20D /* CircleImage.swift */ = {isa = PBXFileReference; lastKnownFileType = sourcecode.swift; path = CircleImage.swift; sourceTree = "<group>"; };
		8FCDC6F728C3319C00FFD20D /* MapView.swift */ = {isa = PBXFileReference; lastKnownFileType = sourcecode.swift; path = MapView.swift; sourceTree = "<group>"; };
		8FCDC6F928C348CA00FFD20D /* landmarkData.json */ = {isa = PBXFileReference; fileEncoding = 4; lastKnownFileType = text.json; path = landmarkData.json; sourceTree = "<group>"; };
		8FCDC6FB28C348E300FFD20D /* Landmark.swift */ = {isa = PBXFileReference; lastKnownFileType = sourcecode.swift; path = Landmark.swift; sourceTree = "<group>"; };
		8FCDC6FD28C34ABB00FFD20D /* ModelData.swift */ = {isa = PBXFileReference; lastKnownFileType = sourcecode.swift; path = ModelData.swift; sourceTree = "<group>"; };
		8FCDC70228C34C8D00FFD20D /* LandmarkRow.swift */ = {isa = PBXFileReference; lastKnownFileType = sourcecode.swift; path = LandmarkRow.swift; sourceTree = "<group>"; };
		8FCDC70428C34EA200FFD20D /* LandmarkList.swift */ = {isa = PBXFileReference; lastKnownFileType = sourcecode.swift; path = LandmarkList.swift; sourceTree = "<group>"; };
		8FCDC70628C3505D00FFD20D /* LandmarkDetail.swift */ = {isa = PBXFileReference; lastKnownFileType = sourcecode.swift; path = LandmarkDetail.swift; sourceTree = "<group>"; };
		8FE3B9F428C4982400A9F3FB /* hikeData.json */ = {isa = PBXFileReference; fileEncoding = 4; lastKnownFileType = text.json; path = hikeData.json; sourceTree = "<group>"; };
		8FE3B9F628C4983500A9F3FB /* Hike.swift */ = {isa = PBXFileReference; lastKnownFileType = sourcecode.swift; path = Hike.swift; sourceTree = "<group>"; };
		8FE3B9F928C4990800A9F3FB /* GraphCapsule.swift */ = {isa = PBXFileReference; fileEncoding = 4; lastKnownFileType = sourcecode.swift; path = GraphCapsule.swift; sourceTree = "<group>"; };
		8FE3B9FA28C4990800A9F3FB /* HikeGraph.swift */ = {isa = PBXFileReference; fileEncoding = 4; lastKnownFileType = sourcecode.swift; path = HikeGraph.swift; sourceTree = "<group>"; };
		8FE3B9FB28C4990800A9F3FB /* HikeDetail.swift */ = {isa = PBXFileReference; fileEncoding = 4; lastKnownFileType = sourcecode.swift; path = HikeDetail.swift; sourceTree = "<group>"; };
		8FE3B9FC28C4990800A9F3FB /* HikeView.swift */ = {isa = PBXFileReference; fileEncoding = 4; lastKnownFileType = sourcecode.swift; path = HikeView.swift; sourceTree = "<group>"; };
		8FE3BA0228C4A3F600A9F3FB /* CategoryHome.swift */ = {isa = PBXFileReference; lastKnownFileType = sourcecode.swift; path = CategoryHome.swift; sourceTree = "<group>"; };
		8FE3BA0428C4A82200A9F3FB /* CategoryRow.swift */ = {isa = PBXFileReference; lastKnownFileType = sourcecode.swift; path = CategoryRow.swift; sourceTree = "<group>"; };
		8FE3BA0628C4AD9700A9F3FB /* CategoryItem.swift */ = {isa = PBXFileReference; lastKnownFileType = sourcecode.swift; path = CategoryItem.swift; sourceTree = "<group>"; };
		8FE3BA0828C4CE0D00A9F3FB /* Profile.swift */ = {isa = PBXFileReference; lastKnownFileType = sourcecode.swift; path = Profile.swift; sourceTree = "<group>"; };
		8FE3BA0B28C4CE8A00A9F3FB /* ProfileHost.swift */ = {isa = PBXFileReference; lastKnownFileType = sourcecode.swift; path = ProfileHost.swift; sourceTree = "<group>"; };
		8FE3BA0D28C4CF0600A9F3FB /* ProfileSummary.swift */ = {isa = PBXFileReference; lastKnownFileType = sourcecode.swift; path = ProfileSummary.swift; sourceTree = "<group>"; };
		8FE3BA0F28C4CFD100A9F3FB /* HikeBadge.swift */ = {isa = PBXFileReference; lastKnownFileType = sourcecode.swift; path = HikeBadge.swift; sourceTree = "<group>"; };
/* End PBXFileReference section */

/* Begin PBXFrameworksBuildPhase section */
		8FCDC6E128C32A0800FFD20D /* Frameworks */ = {
			isa = PBXFrameworksBuildPhase;
			buildActionMask = 2147483647;
			files = (
			);
			runOnlyForDeploymentPostprocessing = 0;
		};
/* End PBXFrameworksBuildPhase section */

/* Begin PBXGroup section */
		8FBCD3CE28C37DA100EE8B00 /* Helpers */ = {
			isa = PBXGroup;
			children = (
				8FCDC6F728C3319C00FFD20D /* MapView.swift */,
				8FCDC6F528C32F0A00FFD20D /* CircleImage.swift */,
				8FBCD3CC28C37B3E00EE8B00 /* FavoriteButton.swift */,
			);
			path = Helpers;
			sourceTree = "<group>";
		};
		8FBCD3CF28C37DAD00EE8B00 /* Landmarks */ = {
			isa = PBXGroup;
			children = (
				8FCDC70428C34EA200FFD20D /* LandmarkList.swift */,
				8FCDC70628C3505D00FFD20D /* LandmarkDetail.swift */,
				8FCDC70228C34C8D00FFD20D /* LandmarkRow.swift */,
			);
			path = Landmarks;
			sourceTree = "<group>";
		};
		8FBCD3DA28C38C3300EE8B00 /* Badges */ = {
			isa = PBXGroup;
			children = (
				8FBCD3D828C38B5800EE8B00 /* Badge.swift */,
				8FBCD3D228C3851900EE8B00 /* BadgeBackground.swift */,
				8FBCD3D428C38A1800EE8B00 /* BadgeSymbol.swift */,
				8FBCD3D628C38ACE00EE8B00 /* RotatedBadgeSymbol.swift */,
				8FBCD3D028C383DB00EE8B00 /* HexagonParameters.swift */,
			);
			path = Badges;
			sourceTree = "<group>";
		};
		8FCDC6DB28C32A0800FFD20D = {
			isa = PBXGroup;
			children = (
				8FCDC6E628C32A0800FFD20D /* Landmarks */,
				8FCDC6E528C32A0800FFD20D /* Products */,
			);
			sourceTree = "<group>";
		};
		8FCDC6E528C32A0800FFD20D /* Products */ = {
			isa = PBXGroup;
			children = (
				8FCDC6E428C32A0800FFD20D /* Landmarks.app */,
			);
			name = Products;
			sourceTree = "<group>";
		};
		8FCDC6E628C32A0800FFD20D /* Landmarks */ = {
			isa = PBXGroup;
			children = (
				8FCDC6E728C32A0800FFD20D /* LandmarksApp.swift */,
				8FCDC6FF28C34C2000FFD20D /* Views */,
				8FCDC70028C34C2900FFD20D /* Model */,
				8FCDC70128C34C3800FFD20D /* Resources */,
				8FCDC6EB28C32A0A00FFD20D /* Assets.xcassets */,
				8FCDC6ED28C32A0A00FFD20D /* Preview Content */,
			);
			path = Landmarks;
			sourceTree = "<group>";
		};
		8FCDC6ED28C32A0A00FFD20D /* Preview Content */ = {
			isa = PBXGroup;
			children = (
				8FCDC6EE28C32A0A00FFD20D /* Preview Assets.xcassets */,
			);
			path = "Preview Content";
			sourceTree = "<group>";
		};
		8FCDC6FF28C34C2000FFD20D /* Views */ = {
			isa = PBXGroup;
			children = (
				8FCDC6E928C32A0800FFD20D /* ContentView.swift */,
				8FE3BA0128C4A3D900A9F3FB /* Categories */,
				8FBCD3CF28C37DAD00EE8B00 /* Landmarks */,
				8FBCD3DA28C38C3300EE8B00 /* Badges */,
				8FBCD3CE28C37DA100EE8B00 /* Helpers */,
				8FE3B9F828C4990800A9F3FB /* Hikes */,
				8FE3BA0A28C4CE5C00A9F3FB /* Profiles */,
			);
			path = Views;
			sourceTree = "<group>";
		};
		8FCDC70028C34C2900FFD20D /* Model */ = {
			isa = PBXGroup;
			children = (
				8FCDC6FD28C34ABB00FFD20D /* ModelData.swift */,
				8FCDC6FB28C348E300FFD20D /* Landmark.swift */,
				8FE3B9F628C4983500A9F3FB /* Hike.swift */,
				8FE3BA0828C4CE0D00A9F3FB /* Profile.swift */,
			);
			path = Model;
			sourceTree = "<group>";
		};
		8FCDC70128C34C3800FFD20D /* Resources */ = {
			isa = PBXGroup;
			children = (
				8FCDC6F928C348CA00FFD20D /* landmarkData.json */,
				8FE3B9F428C4982400A9F3FB /* hikeData.json */,
			);
			path = Resources;
			sourceTree = "<group>";
		};
		8FE3B9F828C4990800A9F3FB /* Hikes */ = {
			isa = PBXGroup;
			children = (
				8FE3B9F928C4990800A9F3FB /* GraphCapsule.swift */,
				8FE3B9FA28C4990800A9F3FB /* HikeGraph.swift */,
				8FE3B9FB28C4990800A9F3FB /* HikeDetail.swift */,
				8FE3B9FC28C4990800A9F3FB /* HikeView.swift */,
				8FE3BA0F28C4CFD100A9F3FB /* HikeBadge.swift */,
			);
			path = Hikes;
			sourceTree = "<group>";
		};
		8FE3BA0128C4A3D900A9F3FB /* Categories */ = {
			isa = PBXGroup;
			children = (
				8FE3BA0228C4A3F600A9F3FB /* CategoryHome.swift */,
				8FE3BA0428C4A82200A9F3FB /* CategoryRow.swift */,
				8FE3BA0628C4AD9700A9F3FB /* CategoryItem.swift */,
			);
			path = Categories;
			sourceTree = "<group>";
		};
		8FE3BA0A28C4CE5C00A9F3FB /* Profiles */ = {
			isa = PBXGroup;
			children = (
				8FE3BA0B28C4CE8A00A9F3FB /* ProfileHost.swift */,
				8FE3BA0D28C4CF0600A9F3FB /* ProfileSummary.swift */,
			);
			path = Profiles;
			sourceTree = "<group>";
		};
/* End PBXGroup section */

/* Begin PBXNativeTarget section */
		8FCDC6E328C32A0800FFD20D /* Landmarks */ = {
			isa = PBXNativeTarget;
			buildConfigurationList = 8FCDC6F228C32A0A00FFD20D /* Build configuration list for PBXNativeTarget "Landmarks" */;
			buildPhases = (
				8FCDC6E028C32A0800FFD20D /* Sources */,
				8FCDC6E128C32A0800FFD20D /* Frameworks */,
				8FCDC6E228C32A0800FFD20D /* Resources */,
			);
			buildRules = (
			);
			dependencies = (
			);
			name = Landmarks;
			productName = Landmarks;
			productReference = 8FCDC6E428C32A0800FFD20D /* Landmarks.app */;
			productType = "com.apple.product-type.application";
		};
/* End PBXNativeTarget section */

/* Begin PBXProject section */
		8FCDC6DC28C32A0800FFD20D /* Project object */ = {
			isa = PBXProject;
			attributes = {
				BuildIndependentTargetsInParallel = 1;
				LastSwiftUpdateCheck = 1340;
				LastUpgradeCheck = 1340;
				TargetAttributes = {
					8FCDC6E328C32A0800FFD20D = {
						CreatedOnToolsVersion = 13.4.1;
					};
				};
			};
			buildConfigurationList = 8FCDC6DF28C32A0800FFD20D /* Build configuration list for PBXProject "Landmarks" */;
			compatibilityVersion = "Xcode 13.0";
			developmentRegion = en;
			hasScannedForEncodings = 0;
			knownRegions = (
				en,
				Base,
			);
			mainGroup = 8FCDC6DB28C32A0800FFD20D;
			productRefGroup = 8FCDC6E528C32A0800FFD20D /* Products */;
			projectDirPath = "";
			projectRoot = "";
			targets = (
				8FCDC6E328C32A0800FFD20D /* Landmarks */,
			);
		};
/* End PBXProject section */

/* Begin PBXResourcesBuildPhase section */
		8FCDC6E228C32A0800FFD20D /* Resources */ = {
			isa = PBXResourcesBuildPhase;
			buildActionMask = 2147483647;
			files = (
				8FE3B9F528C4982400A9F3FB /* hikeData.json in Resources */,
				8FCDC6EF28C32A0A00FFD20D /* Preview Assets.xcassets in Resources */,
				8FCDC6EC28C32A0A00FFD20D /* Assets.xcassets in Resources */,
				8FCDC6FA28C348CA00FFD20D /* landmarkData.json in Resources */,
			);
			runOnlyForDeploymentPostprocessing = 0;
		};
/* End PBXResourcesBuildPhase section */

/* Begin PBXSourcesBuildPhase section */
		8FCDC6E028C32A0800FFD20D /* Sources */ = {
			isa = PBXSourcesBuildPhase;
			buildActionMask = 2147483647;
			files = (
				8FE3BA0528C4A82200A9F3FB /* CategoryRow.swift in Sources */,
				8FE3BA0928C4CE0D00A9F3FB /* Profile.swift in Sources */,
				8FCDC6EA28C32A0800FFD20D /* ContentView.swift in Sources */,
				8FE3BA0328C4A3F600A9F3FB /* CategoryHome.swift in Sources */,
				8FE3B9FE28C4990800A9F3FB /* HikeGraph.swift in Sources */,
				8FBCD3D928C38B5800EE8B00 /* Badge.swift in Sources */,
				8FCDC6F828C3319C00FFD20D /* MapView.swift in Sources */,
				8FE3B9FD28C4990800A9F3FB /* GraphCapsule.swift in Sources */,
				8FCDC6E828C32A0800FFD20D /* LandmarksApp.swift in Sources */,
				8FBCD3CD28C37B3E00EE8B00 /* FavoriteButton.swift in Sources */,
				8FE3BA0728C4AD9700A9F3FB /* CategoryItem.swift in Sources */,
				8FE3B9FF28C4990800A9F3FB /* HikeDetail.swift in Sources */,
				8FE3BA0E28C4CF0600A9F3FB /* ProfileSummary.swift in Sources */,
				8FBCD3D128C383DB00EE8B00 /* HexagonParameters.swift in Sources */,
				8FE3BA0C28C4CE8A00A9F3FB /* ProfileHost.swift in Sources */,
				8FE3B9F728C4983500A9F3FB /* Hike.swift in Sources */,
				8FBCD3D728C38ACE00EE8B00 /* RotatedBadgeSymbol.swift in Sources */,
				8FBCD3D528C38A1800EE8B00 /* BadgeSymbol.swift in Sources */,
				8FCDC70528C34EA200FFD20D /* LandmarkList.swift in Sources */,
				8FE3BA0028C4990800A9F3FB /* HikeView.swift in Sources */,
				8FCDC70728C3505D00FFD20D /* LandmarkDetail.swift in Sources */,
				8FBCD3D328C3851900EE8B00 /* BadgeBackground.swift in Sources */,
				8FE3BA1028C4CFD100A9F3FB /* HikeBadge.swift in Sources */,
				8FCDC6F628C32F0A00FFD20D /* CircleImage.swift in Sources */,
				8FCDC6FC28C348E300FFD20D /* Landmark.swift in Sources */,
				8FCDC70328C34C8D00FFD20D /* LandmarkRow.swift in Sources */,
				8FCDC6FE28C34ABB00FFD20D /* ModelData.swift in Sources */,
			);
			runOnlyForDeploymentPostprocessing = 0;
		};
/* End PBXSourcesBuildPhase section */

/* Begin XCBuildConfiguration section */
		8FCDC6F028C32A0A00FFD20D /* Debug */ = {
			isa = XCBuildConfiguration;
			buildSettings = {
				ALWAYS_SEARCH_USER_PATHS = NO;
				CLANG_ANALYZER_NONNULL = YES;
				CLANG_ANALYZER_NUMBER_OBJECT_CONVERSION = YES_AGGRESSIVE;
				CLANG_CXX_LANGUAGE_STANDARD = "gnu++17";
				CLANG_ENABLE_MODULES = YES;
				CLANG_ENABLE_OBJC_ARC = YES;
				CLANG_ENABLE_OBJC_WEAK = YES;
				CLANG_WARN_BLOCK_CAPTURE_AUTORELEASING = YES;
				CLANG_WARN_BOOL_CONVERSION = YES;
				CLANG_WARN_COMMA = YES;
				CLANG_WARN_CONSTANT_CONVERSION = YES;
				CLANG_WARN_DEPRECATED_OBJC_IMPLEMENTATIONS = YES;
				CLANG_WARN_DIRECT_OBJC_ISA_USAGE = YES_ERROR;
				CLANG_WARN_DOCUMENTATION_COMMENTS = YES;
				CLANG_WARN_EMPTY_BODY = YES;
				CLANG_WARN_ENUM_CONVERSION = YES;
				CLANG_WARN_INFINITE_RECURSION = YES;
				CLANG_WARN_INT_CONVERSION = YES;
				CLANG_WARN_NON_LITERAL_NULL_CONVERSION = YES;
				CLANG_WARN_OBJC_IMPLICIT_RETAIN_SELF = YES;
				CLANG_WARN_OBJC_LITERAL_CONVERSION = YES;
				CLANG_WARN_OBJC_ROOT_CLASS = YES_ERROR;
				CLANG_WARN_QUOTED_INCLUDE_IN_FRAMEWORK_HEADER = YES;
				CLANG_WARN_RANGE_LOOP_ANALYSIS = YES;
				CLANG_WARN_STRICT_PROTOTYPES = YES;
				CLANG_WARN_SUSPICIOUS_MOVE = YES;
				CLANG_WARN_UNGUARDED_AVAILABILITY = YES_AGGRESSIVE;
				CLANG_WARN_UNREACHABLE_CODE = YES;
				CLANG_WARN__DUPLICATE_METHOD_MATCH = YES;
				COPY_PHASE_STRIP = NO;
				DEBUG_INFORMATION_FORMAT = dwarf;
				ENABLE_STRICT_OBJC_MSGSEND = YES;
				ENABLE_TESTABILITY = YES;
				GCC_C_LANGUAGE_STANDARD = gnu11;
				GCC_DYNAMIC_NO_PIC = NO;
				GCC_NO_COMMON_BLOCKS = YES;
				GCC_OPTIMIZATION_LEVEL = 0;
				GCC_PREPROCESSOR_DEFINITIONS = (
					"DEBUG=1",
					"$(inherited)",
				);
				GCC_WARN_64_TO_32_BIT_CONVERSION = YES;
				GCC_WARN_ABOUT_RETURN_TYPE = YES_ERROR;
				GCC_WARN_UNDECLARED_SELECTOR = YES;
				GCC_WARN_UNINITIALIZED_AUTOS = YES_AGGRESSIVE;
				GCC_WARN_UNUSED_FUNCTION = YES;
				GCC_WARN_UNUSED_VARIABLE = YES;
				IPHONEOS_DEPLOYMENT_TARGET = 15.5;
				MTL_ENABLE_DEBUG_INFO = INCLUDE_SOURCE;
				MTL_FAST_MATH = YES;
				ONLY_ACTIVE_ARCH = YES;
				SDKROOT = iphoneos;
				SWIFT_ACTIVE_COMPILATION_CONDITIONS = DEBUG;
				SWIFT_OPTIMIZATION_LEVEL = "-Onone";
			};
			name = Debug;
		};
		8FCDC6F128C32A0A00FFD20D /* Release */ = {
			isa = XCBuildConfiguration;
			buildSettings = {
				ALWAYS_SEARCH_USER_PATHS = NO;
				CLANG_ANALYZER_NONNULL = YES;
				CLANG_ANALYZER_NUMBER_OBJECT_CONVERSION = YES_AGGRESSIVE;
				CLANG_CXX_LANGUAGE_STANDARD = "gnu++17";
				CLANG_ENABLE_MODULES = YES;
				CLANG_ENABLE_OBJC_ARC = YES;
				CLANG_ENABLE_OBJC_WEAK = YES;
				CLANG_WARN_BLOCK_CAPTURE_AUTORELEASING = YES;
				CLANG_WARN_BOOL_CONVERSION = YES;
				CLANG_WARN_COMMA = YES;
				CLANG_WARN_CONSTANT_CONVERSION = YES;
				CLANG_WARN_DEPRECATED_OBJC_IMPLEMENTATIONS = YES;
				CLANG_WARN_DIRECT_OBJC_ISA_USAGE = YES_ERROR;
				CLANG_WARN_DOCUMENTATION_COMMENTS = YES;
				CLANG_WARN_EMPTY_BODY = YES;
				CLANG_WARN_ENUM_CONVERSION = YES;
				CLANG_WARN_INFINITE_RECURSION = YES;
				CLANG_WARN_INT_CONVERSION = YES;
				CLANG_WARN_NON_LITERAL_NULL_CONVERSION = YES;
				CLANG_WARN_OBJC_IMPLICIT_RETAIN_SELF = YES;
				CLANG_WARN_OBJC_LITERAL_CONVERSION = YES;
				CLANG_WARN_OBJC_ROOT_CLASS = YES_ERROR;
				CLANG_WARN_QUOTED_INCLUDE_IN_FRAMEWORK_HEADER = YES;
				CLANG_WARN_RANGE_LOOP_ANALYSIS = YES;
				CLANG_WARN_STRICT_PROTOTYPES = YES;
				CLANG_WARN_SUSPICIOUS_MOVE = YES;
				CLANG_WARN_UNGUARDED_AVAILABILITY = YES_AGGRESSIVE;
				CLANG_WARN_UNREACHABLE_CODE = YES;
				CLANG_WARN__DUPLICATE_METHOD_MATCH = YES;
				COPY_PHASE_STRIP = NO;
				DEBUG_INFORMATION_FORMAT = "dwarf-with-dsym";
				ENABLE_NS_ASSERTIONS = NO;
				ENABLE_STRICT_OBJC_MSGSEND = YES;
				GCC_C_LANGUAGE_STANDARD = gnu11;
				GCC_NO_COMMON_BLOCKS = YES;
				GCC_WARN_64_TO_32_BIT_CONVERSION = YES;
				GCC_WARN_ABOUT_RETURN_TYPE = YES_ERROR;
				GCC_WARN_UNDECLARED_SELECTOR = YES;
				GCC_WARN_UNINITIALIZED_AUTOS = YES_AGGRESSIVE;
				GCC_WARN_UNUSED_FUNCTION = YES;
				GCC_WARN_UNUSED_VARIABLE = YES;
				IPHONEOS_DEPLOYMENT_TARGET = 15.5;
				MTL_ENABLE_DEBUG_INFO = NO;
				MTL_FAST_MATH = YES;
				SDKROOT = iphoneos;
				SWIFT_COMPILATION_MODE = wholemodule;
				SWIFT_OPTIMIZATION_LEVEL = "-O";
				VALIDATE_PRODUCT = YES;
			};
			name = Release;
		};
		8FCDC6F328C32A0A00FFD20D /* Debug */ = {
			isa = XCBuildConfiguration;
			buildSettings = {
				ASSETCATALOG_COMPILER_APPICON_NAME = AppIcon;
				ASSETCATALOG_COMPILER_GLOBAL_ACCENT_COLOR_NAME = AccentColor;
				CODE_SIGN_STYLE = Automatic;
				CURRENT_PROJECT_VERSION = 1;
				DEVELOPMENT_ASSET_PATHS = "\"Landmarks/Preview Content\"";
				DEVELOPMENT_TEAM = "";
				ENABLE_PREVIEWS = YES;
				GENERATE_INFOPLIST_FILE = YES;
				INFOPLIST_KEY_UIApplicationSceneManifest_Generation = YES;
				INFOPLIST_KEY_UIApplicationSupportsIndirectInputEvents = YES;
				INFOPLIST_KEY_UILaunchScreen_Generation = YES;
				INFOPLIST_KEY_UISupportedInterfaceOrientations_iPad = "UIInterfaceOrientationPortrait UIInterfaceOrientationPortraitUpsideDown UIInterfaceOrientationLandscapeLeft UIInterfaceOrientationLandscapeRight";
				INFOPLIST_KEY_UISupportedInterfaceOrientations_iPhone = "UIInterfaceOrientationPortrait UIInterfaceOrientationLandscapeLeft UIInterfaceOrientationLandscapeRight";
				LD_RUNPATH_SEARCH_PATHS = (
					"$(inherited)",
					"@executable_path/Frameworks",
				);
				MARKETING_VERSION = 1.0;
				PRODUCT_BUNDLE_IDENTIFIER = com.jasonou.Landmarks;
				PRODUCT_NAME = "$(TARGET_NAME)";
				SWIFT_EMIT_LOC_STRINGS = YES;
				SWIFT_VERSION = 5.0;
				TARGETED_DEVICE_FAMILY = "1,2";
			};
			name = Debug;
		};
		8FCDC6F428C32A0A00FFD20D /* Release */ = {
			isa = XCBuildConfiguration;
			buildSettings = {
				ASSETCATALOG_COMPILER_APPICON_NAME = AppIcon;
				ASSETCATALOG_COMPILER_GLOBAL_ACCENT_COLOR_NAME = AccentColor;
				CODE_SIGN_STYLE = Automatic;
				CURRENT_PROJECT_VERSION = 1;
				DEVELOPMENT_ASSET_PATHS = "\"Landmarks/Preview Content\"";
				DEVELOPMENT_TEAM = "";
				ENABLE_PREVIEWS = YES;
				GENERATE_INFOPLIST_FILE = YES;
				INFOPLIST_KEY_UIApplicationSceneManifest_Generation = YES;
				INFOPLIST_KEY_UIApplicationSupportsIndirectInputEvents = YES;
				INFOPLIST_KEY_UILaunchScreen_Generation = YES;
				INFOPLIST_KEY_UISupportedInterfaceOrientations_iPad = "UIInterfaceOrientationPortrait UIInterfaceOrientationPortraitUpsideDown UIInterfaceOrientationLandscapeLeft UIInterfaceOrientationLandscapeRight";
				INFOPLIST_KEY_UISupportedInterfaceOrientations_iPhone = "UIInterfaceOrientationPortrait UIInterfaceOrientationLandscapeLeft UIInterfaceOrientationLandscapeRight";
				LD_RUNPATH_SEARCH_PATHS = (
					"$(inherited)",
					"@executable_path/Frameworks",
				);
				MARKETING_VERSION = 1.0;
				PRODUCT_BUNDLE_IDENTIFIER = com.jasonou.Landmarks;
				PRODUCT_NAME = "$(TARGET_NAME)";
				SWIFT_EMIT_LOC_STRINGS = YES;
				SWIFT_VERSION = 5.0;
				TARGETED_DEVICE_FAMILY = "1,2";
			};
			name = Release;
		};
/* End XCBuildConfiguration section */

/* Begin XCConfigurationList section */
		8FCDC6DF28C32A0800FFD20D /* Build configuration list for PBXProject "Landmarks" */ = {
			isa = XCConfigurationList;
			buildConfigurations = (
				8FCDC6F028C32A0A00FFD20D /* Debug */,
				8FCDC6F128C32A0A00FFD20D /* Release */,
			);
			defaultConfigurationIsVisible = 0;
			defaultConfigurationName = Release;
		};
		8FCDC6F228C32A0A00FFD20D /* Build configuration list for PBXNativeTarget "Landmarks" */ = {
			isa = XCConfigurationList;
			buildConfigurations = (
				8FCDC6F328C32A0A00FFD20D /* Debug */,
				8FCDC6F428C32A0A00FFD20D /* Release */,
			);
			defaultConfigurationIsVisible = 0;
			defaultConfigurationName = Release;
		};
/* End XCConfigurationList section */
	};
	rootObject = 8FCDC6DC28C32A0800FFD20D /* Project object */;
}
